// !$*UTF8*$!
{
	archiveVersion = 1;
	classes = {
	};
	objectVersion = 50;
	objects = {

/* Begin PBXBuildFile section */
		162B1AAE2050AF9700779003 /* MapViewController.swift in Sources */ = {isa = PBXBuildFile; fileRef = 162B1AAD2050AF9700779003 /* MapViewController.swift */; };
		16A59A27204F185E00931D42 /* AppDelegate.swift in Sources */ = {isa = PBXBuildFile; fileRef = 16A59A26204F185E00931D42 /* AppDelegate.swift */; };
		16A59A2C204F185E00931D42 /* Main.storyboard in Resources */ = {isa = PBXBuildFile; fileRef = 16A59A2A204F185E00931D42 /* Main.storyboard */; };
		16A59A2F204F185E00931D42 /* urban_waddle.xcdatamodeld in Sources */ = {isa = PBXBuildFile; fileRef = 16A59A2D204F185E00931D42 /* urban_waddle.xcdatamodeld */; };
		16A59A31204F185F00931D42 /* Assets.xcassets in Resources */ = {isa = PBXBuildFile; fileRef = 16A59A30204F185F00931D42 /* Assets.xcassets */; };
		16A59A34204F185F00931D42 /* LaunchScreen.storyboard in Resources */ = {isa = PBXBuildFile; fileRef = 16A59A32204F185F00931D42 /* LaunchScreen.storyboard */; };
		16A59A3F204F185F00931D42 /* urban_waddleTests.swift in Sources */ = {isa = PBXBuildFile; fileRef = 16A59A3E204F185F00931D42 /* urban_waddleTests.swift */; };
		16A59A4A204F185F00931D42 /* urban_waddleUITests.swift in Sources */ = {isa = PBXBuildFile; fileRef = 16A59A49204F185F00931D42 /* urban_waddleUITests.swift */; };
		16E36793206434DD009E6153 /* DiscoveryViewController.swift in Sources */ = {isa = PBXBuildFile; fileRef = 16E36792206434DD009E6153 /* DiscoveryViewController.swift */; };
		16E3679520643517009E6153 /* SavedViewController.swift in Sources */ = {isa = PBXBuildFile; fileRef = 16E3679420643517009E6153 /* SavedViewController.swift */; };
		83C80F31205AEAD7008BFABC /* LocationSearchTable.swift in Sources */ = {isa = PBXBuildFile; fileRef = 83C80F30205AEAD7008BFABC /* LocationSearchTable.swift */; };
/* End PBXBuildFile section */

/* Begin PBXContainerItemProxy section */
		16A59A3B204F185F00931D42 /* PBXContainerItemProxy */ = {
			isa = PBXContainerItemProxy;
			containerPortal = 16A59A1B204F185E00931D42 /* Project object */;
			proxyType = 1;
			remoteGlobalIDString = 16A59A22204F185E00931D42;
			remoteInfo = "urban-waddle";
		};
		16A59A46204F185F00931D42 /* PBXContainerItemProxy */ = {
			isa = PBXContainerItemProxy;
			containerPortal = 16A59A1B204F185E00931D42 /* Project object */;
			proxyType = 1;
			remoteGlobalIDString = 16A59A22204F185E00931D42;
			remoteInfo = "urban-waddle";
		};
/* End PBXContainerItemProxy section */

/* Begin PBXFileReference section */
		162B1AAD2050AF9700779003 /* MapViewController.swift */ = {isa = PBXFileReference; lastKnownFileType = sourcecode.swift; path = MapViewController.swift; sourceTree = "<group>"; };
		16A59A23204F185E00931D42 /* urban-waddle.app */ = {isa = PBXFileReference; explicitFileType = wrapper.application; includeInIndex = 0; path = "urban-waddle.app"; sourceTree = BUILT_PRODUCTS_DIR; };
		16A59A26204F185E00931D42 /* AppDelegate.swift */ = {isa = PBXFileReference; lastKnownFileType = sourcecode.swift; path = AppDelegate.swift; sourceTree = "<group>"; };
		16A59A2B204F185E00931D42 /* Base */ = {isa = PBXFileReference; lastKnownFileType = file.storyboard; name = Base; path = Base.lproj/Main.storyboard; sourceTree = "<group>"; };
		16A59A2E204F185E00931D42 /* urban_waddle.xcdatamodel */ = {isa = PBXFileReference; lastKnownFileType = wrapper.xcdatamodel; path = urban_waddle.xcdatamodel; sourceTree = "<group>"; };
		16A59A30204F185F00931D42 /* Assets.xcassets */ = {isa = PBXFileReference; lastKnownFileType = folder.assetcatalog; path = Assets.xcassets; sourceTree = "<group>"; };
		16A59A33204F185F00931D42 /* Base */ = {isa = PBXFileReference; lastKnownFileType = file.storyboard; name = Base; path = Base.lproj/LaunchScreen.storyboard; sourceTree = "<group>"; };
		16A59A35204F185F00931D42 /* Info.plist */ = {isa = PBXFileReference; lastKnownFileType = text.plist.xml; path = Info.plist; sourceTree = "<group>"; };
		16A59A3A204F185F00931D42 /* urban-waddleTests.xctest */ = {isa = PBXFileReference; explicitFileType = wrapper.cfbundle; includeInIndex = 0; path = "urban-waddleTests.xctest"; sourceTree = BUILT_PRODUCTS_DIR; };
		16A59A3E204F185F00931D42 /* urban_waddleTests.swift */ = {isa = PBXFileReference; lastKnownFileType = sourcecode.swift; path = urban_waddleTests.swift; sourceTree = "<group>"; };
		16A59A40204F185F00931D42 /* Info.plist */ = {isa = PBXFileReference; lastKnownFileType = text.plist.xml; path = Info.plist; sourceTree = "<group>"; };
		16A59A45204F185F00931D42 /* urban-waddleUITests.xctest */ = {isa = PBXFileReference; explicitFileType = wrapper.cfbundle; includeInIndex = 0; path = "urban-waddleUITests.xctest"; sourceTree = BUILT_PRODUCTS_DIR; };
		16A59A49204F185F00931D42 /* urban_waddleUITests.swift */ = {isa = PBXFileReference; lastKnownFileType = sourcecode.swift; path = urban_waddleUITests.swift; sourceTree = "<group>"; };
		16A59A4B204F185F00931D42 /* Info.plist */ = {isa = PBXFileReference; lastKnownFileType = text.plist.xml; path = Info.plist; sourceTree = "<group>"; };
		16E36792206434DD009E6153 /* DiscoveryViewController.swift */ = {isa = PBXFileReference; lastKnownFileType = sourcecode.swift; path = DiscoveryViewController.swift; sourceTree = "<group>"; };
		16E3679420643517009E6153 /* SavedViewController.swift */ = {isa = PBXFileReference; lastKnownFileType = sourcecode.swift; path = SavedViewController.swift; sourceTree = "<group>"; };
		83C80F30205AEAD7008BFABC /* LocationSearchTable.swift */ = {isa = PBXFileReference; lastKnownFileType = sourcecode.swift; path = LocationSearchTable.swift; sourceTree = "<group>"; };
/* End PBXFileReference section */

/* Begin PBXFrameworksBuildPhase section */
		16A59A20204F185E00931D42 /* Frameworks */ = {
			isa = PBXFrameworksBuildPhase;
			buildActionMask = 2147483647;
			files = (
			);
			runOnlyForDeploymentPostprocessing = 0;
		};
		16A59A37204F185F00931D42 /* Frameworks */ = {
			isa = PBXFrameworksBuildPhase;
			buildActionMask = 2147483647;
			files = (
			);
			runOnlyForDeploymentPostprocessing = 0;
		};
		16A59A42204F185F00931D42 /* Frameworks */ = {
			isa = PBXFrameworksBuildPhase;
			buildActionMask = 2147483647;
			files = (
			);
			runOnlyForDeploymentPostprocessing = 0;
		};
/* End PBXFrameworksBuildPhase section */

/* Begin PBXGroup section */
		16A59A1A204F185E00931D42 = {
			isa = PBXGroup;
			children = (
				16A59A25204F185E00931D42 /* urban-waddle */,
				16A59A3D204F185F00931D42 /* urban-waddleTests */,
				16A59A48204F185F00931D42 /* urban-waddleUITests */,
				16A59A24204F185E00931D42 /* Products */,
			);
			sourceTree = "<group>";
		};
		16A59A24204F185E00931D42 /* Products */ = {
			isa = PBXGroup;
			children = (
				16A59A23204F185E00931D42 /* urban-waddle.app */,
				16A59A3A204F185F00931D42 /* urban-waddleTests.xctest */,
				16A59A45204F185F00931D42 /* urban-waddleUITests.xctest */,
			);
			name = Products;
			sourceTree = "<group>";
		};
		16A59A25204F185E00931D42 /* urban-waddle */ = {
			isa = PBXGroup;
			children = (
				16E3679420643517009E6153 /* SavedViewController.swift */,
				16E36792206434DD009E6153 /* DiscoveryViewController.swift */,
				16A59A26204F185E00931D42 /* AppDelegate.swift */,
				16A59A2A204F185E00931D42 /* Main.storyboard */,
				83C80F30205AEAD7008BFABC /* LocationSearchTable.swift */,
				162B1AAD2050AF9700779003 /* MapViewController.swift */,
				16A59A30204F185F00931D42 /* Assets.xcassets */,
				16A59A32204F185F00931D42 /* LaunchScreen.storyboard */,
				16A59A35204F185F00931D42 /* Info.plist */,
				16A59A2D204F185E00931D42 /* urban_waddle.xcdatamodeld */,
			);
			path = "urban-waddle";
			sourceTree = "<group>";
		};
		16A59A3D204F185F00931D42 /* urban-waddleTests */ = {
			isa = PBXGroup;
			children = (
				16A59A3E204F185F00931D42 /* urban_waddleTests.swift */,
				16A59A40204F185F00931D42 /* Info.plist */,
			);
			path = "urban-waddleTests";
			sourceTree = "<group>";
		};
		16A59A48204F185F00931D42 /* urban-waddleUITests */ = {
			isa = PBXGroup;
			children = (
				16A59A49204F185F00931D42 /* urban_waddleUITests.swift */,
				16A59A4B204F185F00931D42 /* Info.plist */,
			);
			path = "urban-waddleUITests";
			sourceTree = "<group>";
		};
/* End PBXGroup section */

/* Begin PBXNativeTarget section */
		16A59A22204F185E00931D42 /* urban-waddle */ = {
			isa = PBXNativeTarget;
			buildConfigurationList = 16A59A4E204F185F00931D42 /* Build configuration list for PBXNativeTarget "urban-waddle" */;
			buildPhases = (
				16A59A1F204F185E00931D42 /* Sources */,
				16A59A20204F185E00931D42 /* Frameworks */,
				16A59A21204F185E00931D42 /* Resources */,
			);
			buildRules = (
			);
			dependencies = (
			);
			name = "urban-waddle";
			productName = "urban-waddle";
			productReference = 16A59A23204F185E00931D42 /* urban-waddle.app */;
			productType = "com.apple.product-type.application";
		};
		16A59A39204F185F00931D42 /* urban-waddleTests */ = {
			isa = PBXNativeTarget;
			buildConfigurationList = 16A59A51204F185F00931D42 /* Build configuration list for PBXNativeTarget "urban-waddleTests" */;
			buildPhases = (
				16A59A36204F185F00931D42 /* Sources */,
				16A59A37204F185F00931D42 /* Frameworks */,
				16A59A38204F185F00931D42 /* Resources */,
			);
			buildRules = (
			);
			dependencies = (
				16A59A3C204F185F00931D42 /* PBXTargetDependency */,
			);
			name = "urban-waddleTests";
			productName = "urban-waddleTests";
			productReference = 16A59A3A204F185F00931D42 /* urban-waddleTests.xctest */;
			productType = "com.apple.product-type.bundle.unit-test";
		};
		16A59A44204F185F00931D42 /* urban-waddleUITests */ = {
			isa = PBXNativeTarget;
			buildConfigurationList = 16A59A54204F185F00931D42 /* Build configuration list for PBXNativeTarget "urban-waddleUITests" */;
			buildPhases = (
				16A59A41204F185F00931D42 /* Sources */,
				16A59A42204F185F00931D42 /* Frameworks */,
				16A59A43204F185F00931D42 /* Resources */,
			);
			buildRules = (
			);
			dependencies = (
				16A59A47204F185F00931D42 /* PBXTargetDependency */,
			);
			name = "urban-waddleUITests";
			productName = "urban-waddleUITests";
			productReference = 16A59A45204F185F00931D42 /* urban-waddleUITests.xctest */;
			productType = "com.apple.product-type.bundle.ui-testing";
		};
/* End PBXNativeTarget section */

/* Begin PBXProject section */
		16A59A1B204F185E00931D42 /* Project object */ = {
			isa = PBXProject;
			attributes = {
				LastSwiftUpdateCheck = 0930;
				LastUpgradeCheck = 0930;
				ORGANIZATIONNAME = waddlers;
				TargetAttributes = {
					16A59A22204F185E00931D42 = {
						CreatedOnToolsVersion = 9.3;
					};
					16A59A39204F185F00931D42 = {
						CreatedOnToolsVersion = 9.3;
						TestTargetID = 16A59A22204F185E00931D42;
					};
					16A59A44204F185F00931D42 = {
						CreatedOnToolsVersion = 9.3;
						TestTargetID = 16A59A22204F185E00931D42;
					};
				};
			};
			buildConfigurationList = 16A59A1E204F185E00931D42 /* Build configuration list for PBXProject "urban-waddle" */;
			compatibilityVersion = "Xcode 9.3";
			developmentRegion = en;
			hasScannedForEncodings = 0;
			knownRegions = (
				en,
				Base,
			);
			mainGroup = 16A59A1A204F185E00931D42;
			productRefGroup = 16A59A24204F185E00931D42 /* Products */;
			projectDirPath = "";
			projectRoot = "";
			targets = (
				16A59A22204F185E00931D42 /* urban-waddle */,
				16A59A39204F185F00931D42 /* urban-waddleTests */,
				16A59A44204F185F00931D42 /* urban-waddleUITests */,
			);
		};
/* End PBXProject section */

/* Begin PBXResourcesBuildPhase section */
		16A59A21204F185E00931D42 /* Resources */ = {
			isa = PBXResourcesBuildPhase;
			buildActionMask = 2147483647;
			files = (
				16A59A34204F185F00931D42 /* LaunchScreen.storyboard in Resources */,
				16A59A31204F185F00931D42 /* Assets.xcassets in Resources */,
				16A59A2C204F185E00931D42 /* Main.storyboard in Resources */,
			);
			runOnlyForDeploymentPostprocessing = 0;
		};
		16A59A38204F185F00931D42 /* Resources */ = {
			isa = PBXResourcesBuildPhase;
			buildActionMask = 2147483647;
			files = (
			);
			runOnlyForDeploymentPostprocessing = 0;
		};
		16A59A43204F185F00931D42 /* Resources */ = {
			isa = PBXResourcesBuildPhase;
			buildActionMask = 2147483647;
			files = (
			);
			runOnlyForDeploymentPostprocessing = 0;
		};
/* End PBXResourcesBuildPhase section */

/* Begin PBXSourcesBuildPhase section */
		16A59A1F204F185E00931D42 /* Sources */ = {
			isa = PBXSourcesBuildPhase;
			buildActionMask = 2147483647;
			files = (
				16E3679520643517009E6153 /* SavedViewController.swift in Sources */,
				16A59A2F204F185E00931D42 /* urban_waddle.xcdatamodeld in Sources */,
				162B1AAE2050AF9700779003 /* MapViewController.swift in Sources */,
				16A59A27204F185E00931D42 /* AppDelegate.swift in Sources */,
				83C80F31205AEAD7008BFABC /* LocationSearchTable.swift in Sources */,
				16E36793206434DD009E6153 /* DiscoveryViewController.swift in Sources */,
			);
			runOnlyForDeploymentPostprocessing = 0;
		};
		16A59A36204F185F00931D42 /* Sources */ = {
			isa = PBXSourcesBuildPhase;
			buildActionMask = 2147483647;
			files = (
				16A59A3F204F185F00931D42 /* urban_waddleTests.swift in Sources */,
			);
			runOnlyForDeploymentPostprocessing = 0;
		};
		16A59A41204F185F00931D42 /* Sources */ = {
			isa = PBXSourcesBuildPhase;
			buildActionMask = 2147483647;
			files = (
				16A59A4A204F185F00931D42 /* urban_waddleUITests.swift in Sources */,
			);
			runOnlyForDeploymentPostprocessing = 0;
		};
/* End PBXSourcesBuildPhase section */

/* Begin PBXTargetDependency section */
		16A59A3C204F185F00931D42 /* PBXTargetDependency */ = {
			isa = PBXTargetDependency;
			target = 16A59A22204F185E00931D42 /* urban-waddle */;
			targetProxy = 16A59A3B204F185F00931D42 /* PBXContainerItemProxy */;
		};
		16A59A47204F185F00931D42 /* PBXTargetDependency */ = {
			isa = PBXTargetDependency;
			target = 16A59A22204F185E00931D42 /* urban-waddle */;
			targetProxy = 16A59A46204F185F00931D42 /* PBXContainerItemProxy */;
		};
/* End PBXTargetDependency section */

/* Begin PBXVariantGroup section */
		16A59A2A204F185E00931D42 /* Main.storyboard */ = {
			isa = PBXVariantGroup;
			children = (
				16A59A2B204F185E00931D42 /* Base */,
			);
			name = Main.storyboard;
			sourceTree = "<group>";
		};
		16A59A32204F185F00931D42 /* LaunchScreen.storyboard */ = {
			isa = PBXVariantGroup;
			children = (
				16A59A33204F185F00931D42 /* Base */,
			);
			name = LaunchScreen.storyboard;
			sourceTree = "<group>";
		};
/* End PBXVariantGroup section */

/* Begin XCBuildConfiguration section */
		16A59A4C204F185F00931D42 /* Debug */ = {
			isa = XCBuildConfiguration;
			buildSettings = {
				ALWAYS_SEARCH_USER_PATHS = NO;
				CLANG_ANALYZER_NONNULL = YES;
				CLANG_ANALYZER_NUMBER_OBJECT_CONVERSION = YES_AGGRESSIVE;
				CLANG_CXX_LANGUAGE_STANDARD = "gnu++14";
				CLANG_CXX_LIBRARY = "libc++";
				CLANG_ENABLE_MODULES = YES;
				CLANG_ENABLE_OBJC_ARC = YES;
				CLANG_ENABLE_OBJC_WEAK = YES;
				CLANG_WARN_BLOCK_CAPTURE_AUTORELEASING = YES;
				CLANG_WARN_BOOL_CONVERSION = YES;
				CLANG_WARN_COMMA = YES;
				CLANG_WARN_CONSTANT_CONVERSION = YES;
				CLANG_WARN_DEPRECATED_OBJC_IMPLEMENTATIONS = YES;
				CLANG_WARN_DIRECT_OBJC_ISA_USAGE = YES_ERROR;
				CLANG_WARN_DOCUMENTATION_COMMENTS = YES;
				CLANG_WARN_EMPTY_BODY = YES;
				CLANG_WARN_ENUM_CONVERSION = YES;
				CLANG_WARN_INFINITE_RECURSION = YES;
				CLANG_WARN_INT_CONVERSION = YES;
				CLANG_WARN_NON_LITERAL_NULL_CONVERSION = YES;
				CLANG_WARN_OBJC_IMPLICIT_RETAIN_SELF = YES;
				CLANG_WARN_OBJC_LITERAL_CONVERSION = YES;
				CLANG_WARN_OBJC_ROOT_CLASS = YES_ERROR;
				CLANG_WARN_RANGE_LOOP_ANALYSIS = YES;
				CLANG_WARN_STRICT_PROTOTYPES = YES;
				CLANG_WARN_SUSPICIOUS_MOVE = YES;
				CLANG_WARN_UNGUARDED_AVAILABILITY = YES_AGGRESSIVE;
				CLANG_WARN_UNREACHABLE_CODE = YES;
				CLANG_WARN__DUPLICATE_METHOD_MATCH = YES;
				CODE_SIGN_IDENTITY = "iPhone Developer";
				COPY_PHASE_STRIP = NO;
				DEBUG_INFORMATION_FORMAT = dwarf;
				ENABLE_STRICT_OBJC_MSGSEND = YES;
				ENABLE_TESTABILITY = YES;
				GCC_C_LANGUAGE_STANDARD = gnu11;
				GCC_DYNAMIC_NO_PIC = NO;
				GCC_NO_COMMON_BLOCKS = YES;
				GCC_OPTIMIZATION_LEVEL = 0;
				GCC_PREPROCESSOR_DEFINITIONS = (
					"DEBUG=1",
					"$(inherited)",
				);
				GCC_WARN_64_TO_32_BIT_CONVERSION = YES;
				GCC_WARN_ABOUT_RETURN_TYPE = YES_ERROR;
				GCC_WARN_UNDECLARED_SELECTOR = YES;
				GCC_WARN_UNINITIALIZED_AUTOS = YES_AGGRESSIVE;
				GCC_WARN_UNUSED_FUNCTION = YES;
				GCC_WARN_UNUSED_VARIABLE = YES;
				IPHONEOS_DEPLOYMENT_TARGET = 11.3;
				MTL_ENABLE_DEBUG_INFO = YES;
				ONLY_ACTIVE_ARCH = YES;
				SDKROOT = iphoneos;
				SWIFT_ACTIVE_COMPILATION_CONDITIONS = DEBUG;
				SWIFT_OPTIMIZATION_LEVEL = "-Onone";
			};
			name = Debug;
		};
		16A59A4D204F185F00931D42 /* Release */ = {
			isa = XCBuildConfiguration;
			buildSettings = {
				ALWAYS_SEARCH_USER_PATHS = NO;
				CLANG_ANALYZER_NONNULL = YES;
				CLANG_ANALYZER_NUMBER_OBJECT_CONVERSION = YES_AGGRESSIVE;
				CLANG_CXX_LANGUAGE_STANDARD = "gnu++14";
				CLANG_CXX_LIBRARY = "libc++";
				CLANG_ENABLE_MODULES = YES;
				CLANG_ENABLE_OBJC_ARC = YES;
				CLANG_ENABLE_OBJC_WEAK = YES;
				CLANG_WARN_BLOCK_CAPTURE_AUTORELEASING = YES;
				CLANG_WARN_BOOL_CONVERSION = YES;
				CLANG_WARN_COMMA = YES;
				CLANG_WARN_CONSTANT_CONVERSION = YES;
				CLANG_WARN_DEPRECATED_OBJC_IMPLEMENTATIONS = YES;
				CLANG_WARN_DIRECT_OBJC_ISA_USAGE = YES_ERROR;
				CLANG_WARN_DOCUMENTATION_COMMENTS = YES;
				CLANG_WARN_EMPTY_BODY = YES;
				CLANG_WARN_ENUM_CONVERSION = YES;
				CLANG_WARN_INFINITE_RECURSION = YES;
				CLANG_WARN_INT_CONVERSION = YES;
				CLANG_WARN_NON_LITERAL_NULL_CONVERSION = YES;
				CLANG_WARN_OBJC_IMPLICIT_RETAIN_SELF = YES;
				CLANG_WARN_OBJC_LITERAL_CONVERSION = YES;
				CLANG_WARN_OBJC_ROOT_CLASS = YES_ERROR;
				CLANG_WARN_RANGE_LOOP_ANALYSIS = YES;
				CLANG_WARN_STRICT_PROTOTYPES = YES;
				CLANG_WARN_SUSPICIOUS_MOVE = YES;
				CLANG_WARN_UNGUARDED_AVAILABILITY = YES_AGGRESSIVE;
				CLANG_WARN_UNREACHABLE_CODE = YES;
				CLANG_WARN__DUPLICATE_METHOD_MATCH = YES;
				CODE_SIGN_IDENTITY = "iPhone Developer";
				COPY_PHASE_STRIP = NO;
				DEBUG_INFORMATION_FORMAT = "dwarf-with-dsym";
				ENABLE_NS_ASSERTIONS = NO;
				ENABLE_STRICT_OBJC_MSGSEND = YES;
				GCC_C_LANGUAGE_STANDARD = gnu11;
				GCC_NO_COMMON_BLOCKS = YES;
				GCC_WARN_64_TO_32_BIT_CONVERSION = YES;
				GCC_WARN_ABOUT_RETURN_TYPE = YES_ERROR;
				GCC_WARN_UNDECLARED_SELECTOR = YES;
				GCC_WARN_UNINITIALIZED_AUTOS = YES_AGGRESSIVE;
				GCC_WARN_UNUSED_FUNCTION = YES;
				GCC_WARN_UNUSED_VARIABLE = YES;
				IPHONEOS_DEPLOYMENT_TARGET = 11.3;
				MTL_ENABLE_DEBUG_INFO = NO;
				SDKROOT = iphoneos;
				SWIFT_COMPILATION_MODE = wholemodule;
				SWIFT_OPTIMIZATION_LEVEL = "-O";
				VALIDATE_PRODUCT = YES;
			};
			name = Release;
		};
		16A59A4F204F185F00931D42 /* Debug */ = {
			isa = XCBuildConfiguration;
			buildSettings = {
				ASSETCATALOG_COMPILER_APPICON_NAME = AppIcon;
				CODE_SIGN_STYLE = Automatic;
				DEVELOPMENT_TEAM = 4FNJNUQ3AD;
				INFOPLIST_FILE = "urban-waddle/Info.plist";
				LD_RUNPATH_SEARCH_PATHS = (
					"$(inherited)",
					"@executable_path/Frameworks",
				);
				PRODUCT_BUNDLE_IDENTIFIER = "com.waddlers.urban-waddle";
				PRODUCT_NAME = "$(TARGET_NAME)";
				SWIFT_VERSION = 4.0;
				TARGETED_DEVICE_FAMILY = "1,2";
			};
			name = Debug;
		};
		16A59A50204F185F00931D42 /* Release */ = {
			isa = XCBuildConfiguration;
			buildSettings = {
				ASSETCATALOG_COMPILER_APPICON_NAME = AppIcon;
				CODE_SIGN_STYLE = Automatic;
				DEVELOPMENT_TEAM = 4FNJNUQ3AD;
				INFOPLIST_FILE = "urban-waddle/Info.plist";
				LD_RUNPATH_SEARCH_PATHS = (
					"$(inherited)",
					"@executable_path/Frameworks",
				);
				PRODUCT_BUNDLE_IDENTIFIER = "com.waddlers.urban-waddle";
				PRODUCT_NAME = "$(TARGET_NAME)";
				SWIFT_VERSION = 4.0;
				TARGETED_DEVICE_FAMILY = "1,2";
			};
			name = Release;
		};
		16A59A52204F185F00931D42 /* Debug */ = {
			isa = XCBuildConfiguration;
			buildSettings = {
				ALWAYS_EMBED_SWIFT_STANDARD_LIBRARIES = YES;
				BUNDLE_LOADER = "$(TEST_HOST)";
				CODE_SIGN_STYLE = Automatic;
				DEVELOPMENT_TEAM = 4FNJNUQ3AD;
				INFOPLIST_FILE = "urban-waddleTests/Info.plist";
				LD_RUNPATH_SEARCH_PATHS = (
					"$(inherited)",
					"@executable_path/Frameworks",
					"@loader_path/Frameworks",
				);
				PRODUCT_BUNDLE_IDENTIFIER = "com.waddlers.urban-waddleTests";
				PRODUCT_NAME = "$(TARGET_NAME)";
				SWIFT_VERSION = 4.0;
				TARGETED_DEVICE_FAMILY = "1,2";
				TEST_HOST = "$(BUILT_PRODUCTS_DIR)/urban-waddle.app/urban-waddle";
			};
			name = Debug;
		};
		16A59A53204F185F00931D42 /* Release */ = {
			isa = XCBuildConfiguration;
			buildSettings = {
				ALWAYS_EMBED_SWIFT_STANDARD_LIBRARIES = YES;
				BUNDLE_LOADER = "$(TEST_HOST)";
				CODE_SIGN_STYLE = Automatic;
				DEVELOPMENT_TEAM = 4FNJNUQ3AD;
				INFOPLIST_FILE = "urban-waddleTests/Info.plist";
				LD_RUNPATH_SEARCH_PATHS = (
					"$(inherited)",
					"@executable_path/Frameworks",
					"@loader_path/Frameworks",
				);
				PRODUCT_BUNDLE_IDENTIFIER = "com.waddlers.urban-waddleTests";
				PRODUCT_NAME = "$(TARGET_NAME)";
				SWIFT_VERSION = 4.0;
				TARGETED_DEVICE_FAMILY = "1,2";
				TEST_HOST = "$(BUILT_PRODUCTS_DIR)/urban-waddle.app/urban-waddle";
			};
			name = Release;
		};
		16A59A55204F185F00931D42 /* Debug */ = {
			isa = XCBuildConfiguration;
			buildSettings = {
				ALWAYS_EMBED_SWIFT_STANDARD_LIBRARIES = YES;
				CODE_SIGN_STYLE = Automatic;
				DEVELOPMENT_TEAM = 4FNJNUQ3AD;
				INFOPLIST_FILE = "urban-waddleUITests/Info.plist";
				LD_RUNPATH_SEARCH_PATHS = (
					"$(inherited)",
					"@executable_path/Frameworks",
					"@loader_path/Frameworks",
				);
				PRODUCT_BUNDLE_IDENTIFIER = "com.waddlers.urban-waddleUITests";
				PRODUCT_NAME = "$(TARGET_NAME)";
				SWIFT_VERSION = 4.0;
				TARGETED_DEVICE_FAMILY = "1,2";
				TEST_TARGET_NAME = "urban-waddle";
			};
			name = Debug;
		};
		16A59A56204F185F00931D42 /* Release */ = {
			isa = XCBuildConfiguration;
			buildSettings = {
				ALWAYS_EMBED_SWIFT_STANDARD_LIBRARIES = YES;
				CODE_SIGN_STYLE = Automatic;
				DEVELOPMENT_TEAM = 4FNJNUQ3AD;
				INFOPLIST_FILE = "urban-waddleUITests/Info.plist";
				LD_RUNPATH_SEARCH_PATHS = (
					"$(inherited)",
					"@executable_path/Frameworks",
					"@loader_path/Frameworks",
				);
				PRODUCT_BUNDLE_IDENTIFIER = "com.waddlers.urban-waddleUITests";
				PRODUCT_NAME = "$(TARGET_NAME)";
				SWIFT_VERSION = 4.0;
				TARGETED_DEVICE_FAMILY = "1,2";
				TEST_TARGET_NAME = "urban-waddle";
			};
			name = Release;
		};
/* End XCBuildConfiguration section */

/* Begin XCConfigurationList section */
		16A59A1E204F185E00931D42 /* Build configuration list for PBXProject "urban-waddle" */ = {
			isa = XCConfigurationList;
			buildConfigurations = (
				16A59A4C204F185F00931D42 /* Debug */,
				16A59A4D204F185F00931D42 /* Release */,
			);
			defaultConfigurationIsVisible = 0;
			defaultConfigurationName = Release;
		};
		16A59A4E204F185F00931D42 /* Build configuration list for PBXNativeTarget "urban-waddle" */ = {
			isa = XCConfigurationList;
			buildConfigurations = (
				16A59A4F204F185F00931D42 /* Debug */,
				16A59A50204F185F00931D42 /* Release */,
			);
			defaultConfigurationIsVisible = 0;
			defaultConfigurationName = Release;
		};
		16A59A51204F185F00931D42 /* Build configuration list for PBXNativeTarget "urban-waddleTests" */ = {
			isa = XCConfigurationList;
			buildConfigurations = (
				16A59A52204F185F00931D42 /* Debug */,
				16A59A53204F185F00931D42 /* Release */,
			);
			defaultConfigurationIsVisible = 0;
			defaultConfigurationName = Release;
		};
		16A59A54204F185F00931D42 /* Build configuration list for PBXNativeTarget "urban-waddleUITests" */ = {
			isa = XCConfigurationList;
			buildConfigurations = (
				16A59A55204F185F00931D42 /* Debug */,
				16A59A56204F185F00931D42 /* Release */,
			);
			defaultConfigurationIsVisible = 0;
			defaultConfigurationName = Release;
		};
/* End XCConfigurationList section */

/* Begin XCVersionGroup section */
		16A59A2D204F185E00931D42 /* urban_waddle.xcdatamodeld */ = {
			isa = XCVersionGroup;
			children = (
				16A59A2E204F185E00931D42 /* urban_waddle.xcdatamodel */,
			);
			currentVersion = 16A59A2E204F185E00931D42 /* urban_waddle.xcdatamodel */;
			path = urban_waddle.xcdatamodeld;
			sourceTree = "<group>";
			versionGroupType = wrapper.xcdatamodel;
		};
/* End XCVersionGroup section */
	};
	rootObject = 16A59A1B204F185E00931D42 /* Project object */;
}
